<?xml version="1.0" encoding="utf-8"?>
<Project ToolsVersion="4.0" xmlns="http://schemas.microsoft.com/developer/msbuild/2003">
  <ItemGroup>
    <Filter Include="Source Files">
      <UniqueIdentifier>{4FC737F1-C7A5-4376-A066-2A32D752A2FF}</UniqueIdentifier>
      <Extensions>cpp;c;cc;cxx;c++;cppm;ixx;def;odl;idl;hpj;bat;asm;asmx</Extensions>
    </Filter>
    <Filter Include="Header Files">
      <UniqueIdentifier>{93995380-89BD-4b04-88EB-625FBE52EBFB}</UniqueIdentifier>
      <Extensions>h;hh;hpp;hxx;h++;hm;inl;inc;ipp;xsd</Extensions>
    </Filter>
    <Filter Include="Resource Files">
      <UniqueIdentifier>{67DA6AB6-F800-4c08-8B7A-83BB121AAD01}</UniqueIdentifier>
      <Extensions>rc;ico;cur;bmp;dlg;rc2;rct;bin;rgs;gif;jpg;jpeg;jpe;resx;tiff;tif;png;wav;mfcribbon-ms</Extensions>
    </Filter>
  </ItemGroup>
  <ItemGroup>
    <ClCompile Include="Lua.cpp">
      <Filter>Source Files</Filter>
    </ClCompile>
  </ItemGroup>
  <ItemGroup>
    <ClInclude Include="inc\lapi.h">
      <Filter>Header Files</Filter>
    </ClInclude>
    <ClInclude Include="inc\lauxlib.h">
      <Filter>Header Files</Filter>
    </ClInclude>
    <ClInclude Include="inc\lcode.h">
      <Filter>Header Files</Filter>
    </ClInclude>
    <ClInclude Include="inc\lctype.h">
      <Filter>Header Files</Filter>
    </ClInclude>
    <ClInclude Include="inc\ldebug.h">
      <Filter>Header Files</Filter>
    </ClInclude>
    <ClInclude Include="inc\ldo.h">
      <Filter>Header Files</Filter>
    </ClInclude>
    <ClInclude Include="inc\lfunc.h">
      <Filter>Header Files</Filter>
    </ClInclude>
    <ClInclude Include="inc\lgc.h">
      <Filter>Header Files</Filter>
    </ClInclude>
    <ClInclude Include="inc\ljumptab.h">
      <Filter>Header Files</Filter>
    </ClInclude>
    <ClInclude Include="inc\llex.h">
      <Filter>Header Files</Filter>
    </ClInclude>
    <ClInclude Include="inc\llimits.h">
      <Filter>Header Files</Filter>
    </ClInclude>
    <ClInclude Include="inc\lmem.h">
      <Filter>Header Files</Filter>
    </ClInclude>
    <ClInclude Include="inc\lobject.h">
      <Filter>Header Files</Filter>
    </ClInclude>
    <ClInclude Include="inc\lopcodes.h">
      <Filter>Header Files</Filter>
    </ClInclude>
    <ClInclude Include="inc\lopnames.h">
      <Filter>Header Files</Filter>
    </ClInclude>
    <ClInclude Include="inc\lparser.h">
      <Filter>Header Files</Filter>
    </ClInclude>
    <ClInclude Include="inc\lprefix.h">
      <Filter>Header Files</Filter>
    </ClInclude>
    <ClInclude Include="inc\lstate.h">
      <Filter>Header Files</Filter>
    </ClInclude>
    <ClInclude Include="inc\lstring.h">
      <Filter>Header Files</Filter>
    </ClInclude>
    <ClInclude Include="inc\ltable.h">
      <Filter>Header Files</Filter>
    </ClInclude>
    <ClInclude Include="inc\ltm.h">
      <Filter>Header Files</Filter>
    </ClInclude>
    <ClInclude Include="inc\lua.h">
      <Filter>Header Files</Filter>
    </ClInclude>
    <ClInclude Include="inc\luaconf.h">
      <Filter>Header Files</Filter>
    </ClInclude>
    <ClInclude Include="inc\lualib.h">
      <Filter>Header Files</Filter>
    </ClInclude>
    <ClInclude Include="inc\lundump.h">
      <Filter>Header Files</Filter>
    </ClInclude>
    <ClInclude Include="inc\lvm.h">
      <Filter>Header Files</Filter>
    </ClInclude>
    <ClInclude Include="inc\lzio.h">
      <Filter>Header Files</Filter>
    </ClInclude>
    <ClInclude Include="NPCManager.h">
      <Filter>Header Files</Filter>
    </ClInclude>
  </ItemGroup>
</Project>